{
  "lockfile_version": "1",
  "packages": {
    "github:NixOS/nixpkgs/nixpkgs-unstable": {
      "last_modified": "2026-06-16T10:57:20Z",
      "resolved": "github:NixOS/nixpkgs/3e41b24abd260e8f71dbe2f5737d24122f972158?lastModified=1781607440"
    },
    "nodejs_24": {
      "plugin_version": "0.0.2",
      "resolved": "github:NixOS/nixpkgs/3e41b24abd260e8f71dbe2f5737d24122f972158#nodejs_24",
      "source": "nixpkg"
    }
  }
}
